
Microsoft Visual Studio Solution File, Format Version 12.00
# Visual Studio Version 17
VisualStudioVersion = 17.11.35222.181
MinimumVisualStudioVersion = 10.0.40219.1
Project("{FAE04EC0-301F-11D3-BF4B-00C04F79EFBC}") = "callaway-brandon-a2-interactive2d", "callaway-brandon-a2-interactive2d.csproj", "{66907B0B-D3E4-48DC-A1FF-D63F3307A8C5}"
EndProject
Global
	GlobalSection(SolutionConfigurationPlatforms) = preSolution
		Debug|Any CPU = Debug|Any CPU
		Release|Any CPU = Release|Any CPU
	EndGlobalSection
	GlobalSection(ProjectConfigurationPlatforms) = postSolution
		{66907B0B-D3E4-48DC-A1FF-D63F3307A8C5}.Debug|Any CPU.ActiveCfg = Debug|Any CPU
		{66907B0B-D3E4-48DC-A1FF-D63F3307A8C5}.Debug|Any CPU.Build.0 = Debug|Any CPU
		{66907B0B-D3E4-48DC-A1FF-D63F3307A8C5}.Release|Any CPU.ActiveCfg = Release|Any CPU
		{66907B0B-D3E4-48DC-A1FF-D63F3307A8C5}.Release|Any CPU.Build.0 = Release|Any CPU
	EndGlobalSection
	GlobalSection(SolutionProperties) = preSolution
		HideSolutionNode = FALSE
	EndGlobalSection
	GlobalSection(ExtensibilityGlobals) = postSolution
		SolutionGuid = {62DD7288-BD48-45D7-B218-3879DA75F071}
	EndGlobalSection
EndGlobal
